
Microsoft Visual Studio Solution File, Format Version 12.00
# Visual Studio Version 17
VisualStudioVersion = 17.8.34511.84
MinimumVisualStudioVersion = 10.0.40219.1
Project("{FAE04EC0-301F-11D3-BF4B-00C04F79EFBC}") = "Calculator", "Calculator\Calculator.csproj", "{5109BA4E-E5F9-4514-93B6-92EA6F534DFD}"
EndProject
Global
	GlobalSection(SolutionConfigurationPlatforms) = preSolution
		Debug|Any CPU = Debug|Any CPU
		Release|Any CPU = Release|Any CPU
	EndGlobalSection
	GlobalSection(ProjectConfigurationPlatforms) = postSolution
		{5109BA4E-E5F9-4514-93B6-92EA6F534DFD}.Debug|Any CPU.ActiveCfg = Debug|Any CPU
		{5109BA4E-E5F9-4514-93B6-92EA6F534DFD}.Debug|Any CPU.Build.0 = Debug|Any CPU
		{5109BA4E-E5F9-4514-93B6-92EA6F534DFD}.Release|Any CPU.ActiveCfg = Release|Any CPU
		{5109BA4E-E5F9-4514-93B6-92EA6F534DFD}.Release|Any CPU.Build.0 = Release|Any CPU
	EndGlobalSection
	GlobalSection(SolutionProperties) = preSolution
		HideSolutionNode = FALSE
	EndGlobalSection
	GlobalSection(ExtensibilityGlobals) = postSolution
		SolutionGuid = {ACF0AD13-3B46-4CDA-B7BF-281232950E63}
	EndGlobalSection
EndGlobal
